
Microsoft Visual Studio Solution File, Format Version 12.00
# Visual Studio Version 17
VisualStudioVersion = 17.0.31903.59
MinimumVisualStudioVersion = 10.0.40219.1
Project("{FAE04EC0-301F-11D3-BF4B-00C04F79EFBC}") = "HardwarePrice", "HardwarePrice\HardwarePrice.csproj", "{47ED2E5E-4909-4567-BDA9-C28781E9DA89}"
EndProject
Global
	GlobalSection(SolutionConfigurationPlatforms) = preSolution
		Debug|Any CPU = Debug|Any CPU
		Release|Any CPU = Release|Any CPU
	EndGlobalSection
	GlobalSection(ProjectConfigurationPlatforms) = postSolution
		{47ED2E5E-4909-4567-BDA9-C28781E9DA89}.Debug|Any CPU.ActiveCfg = Debug|Any CPU
		{47ED2E5E-4909-4567-BDA9-C28781E9DA89}.Debug|Any CPU.Build.0 = Debug|Any CPU
		{47ED2E5E-4909-4567-BDA9-C28781E9DA89}.Release|Any CPU.ActiveCfg = Release|Any CPU
		{47ED2E5E-4909-4567-BDA9-C28781E9DA89}.Release|Any CPU.Build.0 = Release|Any CPU
	EndGlobalSection
	GlobalSection(SolutionProperties) = preSolution
		HideSolutionNode = FALSE
	EndGlobalSection
	GlobalSection(ExtensibilityGlobals) = postSolution
		SolutionGuid = {E7C6410C-B623-4D2C-A620-E9B25D12C25D}
	EndGlobalSection
EndGlobal
